// !$*UTF8*$!
{
	archiveVersion = 1;
	classes = {
	};
	objectVersion = 50;
	objects = {

/* Begin PBXBuildFile section */
		1E2A3EC524DC8C750088F6BD /* EditButton.swift in Sources */ = {isa = PBXBuildFile; fileRef = 1E2A3EB524DC8C750088F6BD /* EditButton.swift */; };
		1E2A3EC624DC8C750088F6BD /* GameView.swift in Sources */ = {isa = PBXBuildFile; fileRef = 1E2A3EB624DC8C750088F6BD /* GameView.swift */; };
		1E2A3EC724DC8C750088F6BD /* KeysRow.swift in Sources */ = {isa = PBXBuildFile; fileRef = 1E2A3EB724DC8C750088F6BD /* KeysRow.swift */; };
		1E2A3EC824DC8C750088F6BD /* KeysRowButtonText.swift in Sources */ = {isa = PBXBuildFile; fileRef = 1E2A3EB824DC8C750088F6BD /* KeysRowButtonText.swift */; };
		1E2A3EC924DC8C750088F6BD /* ClearButton.swift in Sources */ = {isa = PBXBuildFile; fileRef = 1E2A3EB924DC8C750088F6BD /* ClearButton.swift */; };
		1E2A3ECA24DC8C750088F6BD /* GameViewModel.swift in Sources */ = {isa = PBXBuildFile; fileRef = 1E2A3EBA24DC8C750088F6BD /* GameViewModel.swift */; };
		1E2A3ECB24DC8C750088F6BD /* NewGameButton.swift in Sources */ = {isa = PBXBuildFile; fileRef = 1E2A3EBB24DC8C750088F6BD /* NewGameButton.swift */; };
		1E2A3ECC24DC8C750088F6BD /* EditCellGridText.swift in Sources */ = {isa = PBXBuildFile; fileRef = 1E2A3EBD24DC8C750088F6BD /* EditCellGridText.swift */; };
		1E2A3ECD24DC8C750088F6BD /* RowButtonText.swift in Sources */ = {isa = PBXBuildFile; fileRef = 1E2A3EBE24DC8C750088F6BD /* RowButtonText.swift */; };
		1E2A3ECE24DC8C750088F6BD /* Square.swift in Sources */ = {isa = PBXBuildFile; fileRef = 1E2A3EBF24DC8C750088F6BD /* Square.swift */; };
		1E2A3ECF24DC8C750088F6BD /* EditCellGrid.swift in Sources */ = {isa = PBXBuildFile; fileRef = 1E2A3EC024DC8C750088F6BD /* EditCellGrid.swift */; };
		1E2A3ED024DC8C750088F6BD /* RowViewModel.swift in Sources */ = {isa = PBXBuildFile; fileRef = 1E2A3EC124DC8C750088F6BD /* RowViewModel.swift */; };
		1E2A3ED124DC8C750088F6BD /* Grid.swift in Sources */ = {isa = PBXBuildFile; fileRef = 1E2A3EC224DC8C750088F6BD /* Grid.swift */; };
		1E2A3ED224DC8C750088F6BD /* SquareViewModel.swift in Sources */ = {isa = PBXBuildFile; fileRef = 1E2A3EC324DC8C750088F6BD /* SquareViewModel.swift */; };
		1E2A3ED324DC8C750088F6BD /* Row.swift in Sources */ = {isa = PBXBuildFile; fileRef = 1E2A3EC424DC8C750088F6BD /* Row.swift */; };
		1E2A3ED524DC8CFC0088F6BD /* GridValues.swift in Sources */ = {isa = PBXBuildFile; fileRef = 1E2A3ED424DC8CFC0088F6BD /* GridValues.swift */; };
		1E2A3ED724DC8D1C0088F6BD /* SudokuSolver.swift in Sources */ = {isa = PBXBuildFile; fileRef = 1E2A3ED624DC8D1C0088F6BD /* SudokuSolver.swift */; };
		1E45D7AF24D0CD5300A1A7AA /* AppDelegate.swift in Sources */ = {isa = PBXBuildFile; fileRef = 1E45D7AE24D0CD5300A1A7AA /* AppDelegate.swift */; };
		1E45D7B124D0CD5300A1A7AA /* SceneDelegate.swift in Sources */ = {isa = PBXBuildFile; fileRef = 1E45D7B024D0CD5300A1A7AA /* SceneDelegate.swift */; };
		1E45D7B324D0CD5300A1A7AA /* ContentView.swift in Sources */ = {isa = PBXBuildFile; fileRef = 1E45D7B224D0CD5300A1A7AA /* ContentView.swift */; };
		1E45D7B524D0CD5500A1A7AA /* Assets.xcassets in Resources */ = {isa = PBXBuildFile; fileRef = 1E45D7B424D0CD5500A1A7AA /* Assets.xcassets */; };
		1E45D7B824D0CD5500A1A7AA /* Preview Assets.xcassets in Resources */ = {isa = PBXBuildFile; fileRef = 1E45D7B724D0CD5500A1A7AA /* Preview Assets.xcassets */; };
		1E45D7BB24D0CD5500A1A7AA /* LaunchScreen.storyboard in Resources */ = {isa = PBXBuildFile; fileRef = 1E45D7B924D0CD5500A1A7AA /* LaunchScreen.storyboard */; };
		1E45D7C324D0CE3700A1A7AA /* ContentViewModel.swift in Sources */ = {isa = PBXBuildFile; fileRef = 1E45D7C224D0CE3700A1A7AA /* ContentViewModel.swift */; };
		1E45D7C524D0CE7700A1A7AA /* ViewModel.swift in Sources */ = {isa = PBXBuildFile; fileRef = 1E45D7C424D0CE7700A1A7AA /* ViewModel.swift */; };
		1E45D7C724D0CEB000A1A7AA /* Difficulty.swift in Sources */ = {isa = PBXBuildFile; fileRef = 1E45D7C624D0CEB000A1A7AA /* Difficulty.swift */; };
		1E45D7C924D0CF6200A1A7AA /* GridFactory.swift in Sources */ = {isa = PBXBuildFile; fileRef = 1E45D7C824D0CF6200A1A7AA /* GridFactory.swift */; };
		1E45D7CB24D0CF9100A1A7AA /* CoordinateValue.swift in Sources */ = {isa = PBXBuildFile; fileRef = 1E45D7CA24D0CF9100A1A7AA /* CoordinateValue.swift */; };
		1E95643E24D20A1400AFEA8E /* ScreenExtension.swift in Sources */ = {isa = PBXBuildFile; fileRef = 1E95643D24D20A1400AFEA8E /* ScreenExtension.swift */; };
		1E95644124D20AA300AFEA8E /* CornerRadius.swift in Sources */ = {isa = PBXBuildFile; fileRef = 1E95644024D20AA300AFEA8E /* CornerRadius.swift */; };
		1E95644324D20C3400AFEA8E /* SettingsPage.swift in Sources */ = {isa = PBXBuildFile; fileRef = 1E95644224D20C3400AFEA8E /* SettingsPage.swift */; };
		1E95644524D20C9000AFEA8E /* backgroundColorModifier.swift in Sources */ = {isa = PBXBuildFile; fileRef = 1E95644424D20C9000AFEA8E /* backgroundColorModifier.swift */; };
		1E95644724D20DD300AFEA8E /* ContentViewButton.swift in Sources */ = {isa = PBXBuildFile; fileRef = 1E95644624D20DD300AFEA8E /* ContentViewButton.swift */; };
		1E95645124D20F4F00AFEA8E /* CoordinateEditValues.swift in Sources */ = {isa = PBXBuildFile; fileRef = 1E95644824D20F4F00AFEA8E /* CoordinateEditValues.swift */; };
		1E95645224D20F4F00AFEA8E /* EditGridValues.swift in Sources */ = {isa = PBXBuildFile; fileRef = 1E95644924D20F4F00AFEA8E /* EditGridValues.swift */; };
		1E95645324D20F4F00AFEA8E /* CoordinateColor.swift in Sources */ = {isa = PBXBuildFile; fileRef = 1E95644A24D20F4F00AFEA8E /* CoordinateColor.swift */; };
		1E95645424D20F4F00AFEA8E /* SelectedCell.swift in Sources */ = {isa = PBXBuildFile; fileRef = 1E95644B24D20F4F00AFEA8E /* SelectedCell.swift */; };
		1E95645524D20F4F00AFEA8E /* AlertItem.swift in Sources */ = {isa = PBXBuildFile; fileRef = 1E95644C24D20F4F00AFEA8E /* AlertItem.swift */; };
		1E95645624D20F4F00AFEA8E /* AbsoluteCoordinateValue.swift in Sources */ = {isa = PBXBuildFile; fileRef = 1E95644D24D20F4F00AFEA8E /* AbsoluteCoordinateValue.swift */; };
		1E95645724D20F4F00AFEA8E /* EditState.swift in Sources */ = {isa = PBXBuildFile; fileRef = 1E95644E24D20F4F00AFEA8E /* EditState.swift */; };
		1E95645824D20F4F00AFEA8E /* StartingGridValues.swift in Sources */ = {isa = PBXBuildFile; fileRef = 1E95644F24D20F4F00AFEA8E /* StartingGridValues.swift */; };
		1E95645924D20F4F00AFEA8E /* UserAction.swift in Sources */ = {isa = PBXBuildFile; fileRef = 1E95645024D20F4F00AFEA8E /* UserAction.swift */; };
/* End PBXBuildFile section */

/* Begin PBXFileReference section */
		1E2A3EB524DC8C750088F6BD /* EditButton.swift */ = {isa = PBXFileReference; fileEncoding = 4; lastKnownFileType = sourcecode.swift; path = EditButton.swift; sourceTree = "<group>"; };
		1E2A3EB624DC8C750088F6BD /* GameView.swift */ = {isa = PBXFileReference; fileEncoding = 4; lastKnownFileType = sourcecode.swift; path = GameView.swift; sourceTree = "<group>"; };
		1E2A3EB724DC8C750088F6BD /* KeysRow.swift */ = {isa = PBXFileReference; fileEncoding = 4; lastKnownFileType = sourcecode.swift; path = KeysRow.swift; sourceTree = "<group>"; };
		1E2A3EB824DC8C750088F6BD /* KeysRowButtonText.swift */ = {isa = PBXFileReference; fileEncoding = 4; lastKnownFileType = sourcecode.swift; path = KeysRowButtonText.swift; sourceTree = "<group>"; };
		1E2A3EB924DC8C750088F6BD /* ClearButton.swift */ = {isa = PBXFileReference; fileEncoding = 4; lastKnownFileType = sourcecode.swift; path = ClearButton.swift; sourceTree = "<group>"; };
		1E2A3EBA24DC8C750088F6BD /* GameViewModel.swift */ = {isa = PBXFileReference; fileEncoding = 4; lastKnownFileType = sourcecode.swift; path = GameViewModel.swift; sourceTree = "<group>"; };
		1E2A3EBB24DC8C750088F6BD /* NewGameButton.swift */ = {isa = PBXFileReference; fileEncoding = 4; lastKnownFileType = sourcecode.swift; path = NewGameButton.swift; sourceTree = "<group>"; };
		1E2A3EBD24DC8C750088F6BD /* EditCellGridText.swift */ = {isa = PBXFileReference; fileEncoding = 4; lastKnownFileType = sourcecode.swift; path = EditCellGridText.swift; sourceTree = "<group>"; };
		1E2A3EBE24DC8C750088F6BD /* RowButtonText.swift */ = {isa = PBXFileReference; fileEncoding = 4; lastKnownFileType = sourcecode.swift; path = RowButtonText.swift; sourceTree = "<group>"; };
		1E2A3EBF24DC8C750088F6BD /* Square.swift */ = {isa = PBXFileReference; fileEncoding = 4; lastKnownFileType = sourcecode.swift; path = Square.swift; sourceTree = "<group>"; };
		1E2A3EC024DC8C750088F6BD /* EditCellGrid.swift */ = {isa = PBXFileReference; fileEncoding = 4; lastKnownFileType = sourcecode.swift; path = EditCellGrid.swift; sourceTree = "<group>"; };
		1E2A3EC124DC8C750088F6BD /* RowViewModel.swift */ = {isa = PBXFileReference; fileEncoding = 4; lastKnownFileType = sourcecode.swift; path = RowViewModel.swift; sourceTree = "<group>"; };
		1E2A3EC224DC8C750088F6BD /* Grid.swift */ = {isa = PBXFileReference; fileEncoding = 4; lastKnownFileType = sourcecode.swift; path = Grid.swift; sourceTree = "<group>"; };
		1E2A3EC324DC8C750088F6BD /* SquareViewModel.swift */ = {isa = PBXFileReference; fileEncoding = 4; lastKnownFileType = sourcecode.swift; path = SquareViewModel.swift; sourceTree = "<group>"; };
		1E2A3EC424DC8C750088F6BD /* Row.swift */ = {isa = PBXFileReference; fileEncoding = 4; lastKnownFileType = sourcecode.swift; path = Row.swift; sourceTree = "<group>"; };
		1E2A3ED424DC8CFC0088F6BD /* GridValues.swift */ = {isa = PBXFileReference; fileEncoding = 4; lastKnownFileType = sourcecode.swift; path = GridValues.swift; sourceTree = "<group>"; };
		1E2A3ED624DC8D1C0088F6BD /* SudokuSolver.swift */ = {isa = PBXFileReference; fileEncoding = 4; lastKnownFileType = sourcecode.swift; path = SudokuSolver.swift; sourceTree = "<group>"; };
		1E45D7AB24D0CD5300A1A7AA /* Sudoku-SwiftUI.app */ = {isa = PBXFileReference; explicitFileType = wrapper.application; includeInIndex = 0; path = "Sudoku-SwiftUI.app"; sourceTree = BUILT_PRODUCTS_DIR; };
		1E45D7AE24D0CD5300A1A7AA /* AppDelegate.swift */ = {isa = PBXFileReference; lastKnownFileType = sourcecode.swift; path = AppDelegate.swift; sourceTree = "<group>"; };
		1E45D7B024D0CD5300A1A7AA /* SceneDelegate.swift */ = {isa = PBXFileReference; lastKnownFileType = sourcecode.swift; path = SceneDelegate.swift; sourceTree = "<group>"; };
		1E45D7B224D0CD5300A1A7AA /* ContentView.swift */ = {isa = PBXFileReference; lastKnownFileType = sourcecode.swift; path = ContentView.swift; sourceTree = "<group>"; };
		1E45D7B424D0CD5500A1A7AA /* Assets.xcassets */ = {isa = PBXFileReference; lastKnownFileType = folder.assetcatalog; path = Assets.xcassets; sourceTree = "<group>"; };
		1E45D7B724D0CD5500A1A7AA /* Preview Assets.xcassets */ = {isa = PBXFileReference; lastKnownFileType = folder.assetcatalog; path = "Preview Assets.xcassets"; sourceTree = "<group>"; };
		1E45D7BA24D0CD5500A1A7AA /* Base */ = {isa = PBXFileReference; lastKnownFileType = file.storyboard; name = Base; path = Base.lproj/LaunchScreen.storyboard; sourceTree = "<group>"; };
		1E45D7BC24D0CD5500A1A7AA /* Info.plist */ = {isa = PBXFileReference; lastKnownFileType = text.plist.xml; path = Info.plist; sourceTree = "<group>"; };
		1E45D7C224D0CE3700A1A7AA /* ContentViewModel.swift */ = {isa = PBXFileReference; lastKnownFileType = sourcecode.swift; path = ContentViewModel.swift; sourceTree = "<group>"; };
		1E45D7C424D0CE7700A1A7AA /* ViewModel.swift */ = {isa = PBXFileReference; lastKnownFileType = sourcecode.swift; path = ViewModel.swift; sourceTree = "<group>"; };
		1E45D7C624D0CEB000A1A7AA /* Difficulty.swift */ = {isa = PBXFileReference; lastKnownFileType = sourcecode.swift; path = Difficulty.swift; sourceTree = "<group>"; };
		1E45D7C824D0CF6200A1A7AA /* GridFactory.swift */ = {isa = PBXFileReference; lastKnownFileType = sourcecode.swift; path = GridFactory.swift; sourceTree = "<group>"; };
		1E45D7CA24D0CF9100A1A7AA /* CoordinateValue.swift */ = {isa = PBXFileReference; lastKnownFileType = sourcecode.swift; path = CoordinateValue.swift; sourceTree = "<group>"; };
		1E95643D24D20A1400AFEA8E /* ScreenExtension.swift */ = {isa = PBXFileReference; lastKnownFileType = sourcecode.swift; path = ScreenExtension.swift; sourceTree = "<group>"; };
		1E95644024D20AA300AFEA8E /* CornerRadius.swift */ = {isa = PBXFileReference; lastKnownFileType = sourcecode.swift; path = CornerRadius.swift; sourceTree = "<group>"; };
		1E95644224D20C3400AFEA8E /* SettingsPage.swift */ = {isa = PBXFileReference; lastKnownFileType = sourcecode.swift; path = SettingsPage.swift; sourceTree = "<group>"; };
		1E95644424D20C9000AFEA8E /* backgroundColorModifier.swift */ = {isa = PBXFileReference; lastKnownFileType = sourcecode.swift; path = backgroundColorModifier.swift; sourceTree = "<group>"; };
		1E95644624D20DD300AFEA8E /* ContentViewButton.swift */ = {isa = PBXFileReference; lastKnownFileType = sourcecode.swift; path = ContentViewButton.swift; sourceTree = "<group>"; };
		1E95644824D20F4F00AFEA8E /* CoordinateEditValues.swift */ = {isa = PBXFileReference; fileEncoding = 4; lastKnownFileType = sourcecode.swift; path = CoordinateEditValues.swift; sourceTree = "<group>"; };
		1E95644924D20F4F00AFEA8E /* EditGridValues.swift */ = {isa = PBXFileReference; fileEncoding = 4; lastKnownFileType = sourcecode.swift; path = EditGridValues.swift; sourceTree = "<group>"; };
		1E95644A24D20F4F00AFEA8E /* CoordinateColor.swift */ = {isa = PBXFileReference; fileEncoding = 4; lastKnownFileType = sourcecode.swift; path = CoordinateColor.swift; sourceTree = "<group>"; };
		1E95644B24D20F4F00AFEA8E /* SelectedCell.swift */ = {isa = PBXFileReference; fileEncoding = 4; lastKnownFileType = sourcecode.swift; path = SelectedCell.swift; sourceTree = "<group>"; };
		1E95644C24D20F4F00AFEA8E /* AlertItem.swift */ = {isa = PBXFileReference; fileEncoding = 4; lastKnownFileType = sourcecode.swift; path = AlertItem.swift; sourceTree = "<group>"; };
		1E95644D24D20F4F00AFEA8E /* AbsoluteCoordinateValue.swift */ = {isa = PBXFileReference; fileEncoding = 4; lastKnownFileType = sourcecode.swift; path = AbsoluteCoordinateValue.swift; sourceTree = "<group>"; };
		1E95644E24D20F4F00AFEA8E /* EditState.swift */ = {isa = PBXFileReference; fileEncoding = 4; lastKnownFileType = sourcecode.swift; path = EditState.swift; sourceTree = "<group>"; };
		1E95644F24D20F4F00AFEA8E /* StartingGridValues.swift */ = {isa = PBXFileReference; fileEncoding = 4; lastKnownFileType = sourcecode.swift; path = StartingGridValues.swift; sourceTree = "<group>"; };
		1E95645024D20F4F00AFEA8E /* UserAction.swift */ = {isa = PBXFileReference; fileEncoding = 4; lastKnownFileType = sourcecode.swift; path = UserAction.swift; sourceTree = "<group>"; };
/* End PBXFileReference section */

/* Begin PBXFrameworksBuildPhase section */
		1E45D7A824D0CD5300A1A7AA /* Frameworks */ = {
			isa = PBXFrameworksBuildPhase;
			buildActionMask = 2147483647;
			files = (
			);
			runOnlyForDeploymentPostprocessing = 0;
		};
/* End PBXFrameworksBuildPhase section */

/* Begin PBXGroup section */
		1E2A3EB424DC8C750088F6BD /* Game */ = {
			isa = PBXGroup;
			children = (
				1E2A3EB524DC8C750088F6BD /* EditButton.swift */,
				1E2A3EB624DC8C750088F6BD /* GameView.swift */,
				1E2A3EB724DC8C750088F6BD /* KeysRow.swift */,
				1E2A3EB824DC8C750088F6BD /* KeysRowButtonText.swift */,
				1E2A3EB924DC8C750088F6BD /* ClearButton.swift */,
				1E2A3EBA24DC8C750088F6BD /* GameViewModel.swift */,
				1E2A3EBB24DC8C750088F6BD /* NewGameButton.swift */,
				1E2A3EBC24DC8C750088F6BD /* Grid */,
			);
			path = Game;
			sourceTree = "<group>";
		};
		1E2A3EBC24DC8C750088F6BD /* Grid */ = {
			isa = PBXGroup;
			children = (
				1E2A3EBD24DC8C750088F6BD /* EditCellGridText.swift */,
				1E2A3EBE24DC8C750088F6BD /* RowButtonText.swift */,
				1E2A3EBF24DC8C750088F6BD /* Square.swift */,
				1E2A3EC024DC8C750088F6BD /* EditCellGrid.swift */,
				1E2A3EC124DC8C750088F6BD /* RowViewModel.swift */,
				1E2A3EC224DC8C750088F6BD /* Grid.swift */,
				1E2A3EC324DC8C750088F6BD /* SquareViewModel.swift */,
				1E2A3EC424DC8C750088F6BD /* Row.swift */,
			);
			path = Grid;
			sourceTree = "<group>";
		};
		1E45D7A224D0CD5300A1A7AA = {
			isa = PBXGroup;
			children = (
				1E45D7AD24D0CD5300A1A7AA /* Sudoku-SwiftUI */,
				1E45D7AC24D0CD5300A1A7AA /* Products */,
			);
			sourceTree = "<group>";
		};
		1E45D7AC24D0CD5300A1A7AA /* Products */ = {
			isa = PBXGroup;
			children = (
				1E45D7AB24D0CD5300A1A7AA /* Sudoku-SwiftUI.app */,
			);
			name = Products;
			sourceTree = "<group>";
		};
		1E45D7AD24D0CD5300A1A7AA /* Sudoku-SwiftUI */ = {
			isa = PBXGroup;
			children = (
				1E45D7AE24D0CD5300A1A7AA /* AppDelegate.swift */,
				1E45D7B024D0CD5300A1A7AA /* SceneDelegate.swift */,
				1E45D7B224D0CD5300A1A7AA /* ContentView.swift */,
				1E95644224D20C3400AFEA8E /* SettingsPage.swift */,
				1E45D7C224D0CE3700A1A7AA /* ContentViewModel.swift */,
				1E2A3ED624DC8D1C0088F6BD /* SudokuSolver.swift */,
				1E45D7CC24D0D04800A1A7AA /* Data Models */,
				1E2A3EB424DC8C750088F6BD /* Game */,
				1E95643C24D2098400AFEA8E /* Shared */,
				1E45D7B424D0CD5500A1A7AA /* Assets.xcassets */,
				1E45D7B924D0CD5500A1A7AA /* LaunchScreen.storyboard */,
				1E45D7BC24D0CD5500A1A7AA /* Info.plist */,
				1E45D7B624D0CD5500A1A7AA /* Preview Content */,
			);
			path = "Sudoku-SwiftUI";
			sourceTree = "<group>";
		};
		1E45D7B624D0CD5500A1A7AA /* Preview Content */ = {
			isa = PBXGroup;
			children = (
				1E45D7B724D0CD5500A1A7AA /* Preview Assets.xcassets */,
			);
			path = "Preview Content";
			sourceTree = "<group>";
		};
		1E45D7CC24D0D04800A1A7AA /* Data Models */ = {
			isa = PBXGroup;
			children = (
				1E45D7C624D0CEB000A1A7AA /* Difficulty.swift */,
				1E45D7C824D0CF6200A1A7AA /* GridFactory.swift */,
				1E45D7CA24D0CF9100A1A7AA /* CoordinateValue.swift */,
				1E95644D24D20F4F00AFEA8E /* AbsoluteCoordinateValue.swift */,
				1E95644C24D20F4F00AFEA8E /* AlertItem.swift */,
				1E95644A24D20F4F00AFEA8E /* CoordinateColor.swift */,
				1E95644824D20F4F00AFEA8E /* CoordinateEditValues.swift */,
				1E2A3ED424DC8CFC0088F6BD /* GridValues.swift */,
				1E95644924D20F4F00AFEA8E /* EditGridValues.swift */,
				1E95644E24D20F4F00AFEA8E /* EditState.swift */,
				1E95644B24D20F4F00AFEA8E /* SelectedCell.swift */,
				1E95644F24D20F4F00AFEA8E /* StartingGridValues.swift */,
				1E95645024D20F4F00AFEA8E /* UserAction.swift */,
			);
			path = "Data Models";
			sourceTree = "<group>";
		};
		1E95643C24D2098400AFEA8E /* Shared */ = {
			isa = PBXGroup;
			children = (
				1E95643F24D20A8800AFEA8E /* View Modifiers */,
				1E45D7C424D0CE7700A1A7AA /* ViewModel.swift */,
				1E95643D24D20A1400AFEA8E /* ScreenExtension.swift */,
			);
			path = Shared;
			sourceTree = "<group>";
		};
		1E95643F24D20A8800AFEA8E /* View Modifiers */ = {
			isa = PBXGroup;
			children = (
				1E95644024D20AA300AFEA8E /* CornerRadius.swift */,
				1E95644424D20C9000AFEA8E /* backgroundColorModifier.swift */,
				1E95644624D20DD300AFEA8E /* ContentViewButton.swift */,
			);
			path = "View Modifiers";
			sourceTree = "<group>";
		};
/* End PBXGroup section */

/* Begin PBXNativeTarget section */
		1E45D7AA24D0CD5300A1A7AA /* Sudoku-SwiftUI */ = {
			isa = PBXNativeTarget;
			buildConfigurationList = 1E45D7BF24D0CD5500A1A7AA /* Build configuration list for PBXNativeTarget "Sudoku-SwiftUI" */;
			buildPhases = (
				1E45D7A724D0CD5300A1A7AA /* Sources */,
				1E45D7A824D0CD5300A1A7AA /* Frameworks */,
				1E45D7A924D0CD5300A1A7AA /* Resources */,
			);
			buildRules = (
			);
			dependencies = (
			);
			name = "Sudoku-SwiftUI";
			productName = "Sudoku-SwiftUI";
			productReference = 1E45D7AB24D0CD5300A1A7AA /* Sudoku-SwiftUI.app */;
			productType = "com.apple.product-type.application";
		};
/* End PBXNativeTarget section */

/* Begin PBXProject section */
		1E45D7A324D0CD5300A1A7AA /* Project object */ = {
			isa = PBXProject;
			attributes = {
				LastSwiftUpdateCheck = 1150;
				LastUpgradeCheck = 1150;
				ORGANIZATIONNAME = "Dhruv Shah";
				TargetAttributes = {
					1E45D7AA24D0CD5300A1A7AA = {
						CreatedOnToolsVersion = 11.5;
					};
				};
			};
			buildConfigurationList = 1E45D7A624D0CD5300A1A7AA /* Build configuration list for PBXProject "Sudoku-SwiftUI" */;
			compatibilityVersion = "Xcode 9.3";
			developmentRegion = en;
			hasScannedForEncodings = 0;
			knownRegions = (
				en,
				Base,
			);
			mainGroup = 1E45D7A224D0CD5300A1A7AA;
			productRefGroup = 1E45D7AC24D0CD5300A1A7AA /* Products */;
			projectDirPath = "";
			projectRoot = "";
			targets = (
				1E45D7AA24D0CD5300A1A7AA /* Sudoku-SwiftUI */,
			);
		};
/* End PBXProject section */

/* Begin PBXResourcesBuildPhase section */
		1E45D7A924D0CD5300A1A7AA /* Resources */ = {
			isa = PBXResourcesBuildPhase;
			buildActionMask = 2147483647;
			files = (
				1E45D7BB24D0CD5500A1A7AA /* LaunchScreen.storyboard in Resources */,
				1E45D7B824D0CD5500A1A7AA /* Preview Assets.xcassets in Resources */,
				1E45D7B524D0CD5500A1A7AA /* Assets.xcassets in Resources */,
			);
			runOnlyForDeploymentPostprocessing = 0;
		};
/* End PBXResourcesBuildPhase section */

/* Begin PBXSourcesBuildPhase section */
		1E45D7A724D0CD5300A1A7AA /* Sources */ = {
			isa = PBXSourcesBuildPhase;
			buildActionMask = 2147483647;
			files = (
				1E45D7C524D0CE7700A1A7AA /* ViewModel.swift in Sources */,
				1E2A3EC724DC8C750088F6BD /* KeysRow.swift in Sources */,
				1E2A3ECD24DC8C750088F6BD /* RowButtonText.swift in Sources */,
				1E95645724D20F4F00AFEA8E /* EditState.swift in Sources */,
				1E2A3ECF24DC8C750088F6BD /* EditCellGrid.swift in Sources */,
				1E95645624D20F4F00AFEA8E /* AbsoluteCoordinateValue.swift in Sources */,
				1E2A3EC524DC8C750088F6BD /* EditButton.swift in Sources */,
				1E95645124D20F4F00AFEA8E /* CoordinateEditValues.swift in Sources */,
				1E45D7C324D0CE3700A1A7AA /* ContentViewModel.swift in Sources */,
				1E95644724D20DD300AFEA8E /* ContentViewButton.swift in Sources */,
				1E95644124D20AA300AFEA8E /* CornerRadius.swift in Sources */,
				1E2A3ED024DC8C750088F6BD /* RowViewModel.swift in Sources */,
				1E2A3ECB24DC8C750088F6BD /* NewGameButton.swift in Sources */,
				1E95645224D20F4F00AFEA8E /* EditGridValues.swift in Sources */,
				1E2A3ED724DC8D1C0088F6BD /* SudokuSolver.swift in Sources */,
				1E95645424D20F4F00AFEA8E /* SelectedCell.swift in Sources */,
				1E95645524D20F4F00AFEA8E /* AlertItem.swift in Sources */,
				1E45D7C924D0CF6200A1A7AA /* GridFactory.swift in Sources */,
				1E2A3EC824DC8C750088F6BD /* KeysRowButtonText.swift in Sources */,
				1E95645824D20F4F00AFEA8E /* StartingGridValues.swift in Sources */,
				1E2A3ED324DC8C750088F6BD /* Row.swift in Sources */,
				1E95645324D20F4F00AFEA8E /* CoordinateColor.swift in Sources */,
				1E2A3EC924DC8C750088F6BD /* ClearButton.swift in Sources */,
				1E45D7C724D0CEB000A1A7AA /* Difficulty.swift in Sources */,
				1E95644324D20C3400AFEA8E /* SettingsPage.swift in Sources */,
				1E95644524D20C9000AFEA8E /* backgroundColorModifier.swift in Sources */,
				1E2A3ECA24DC8C750088F6BD /* GameViewModel.swift in Sources */,
				1E95643E24D20A1400AFEA8E /* ScreenExtension.swift in Sources */,
				1E2A3ECE24DC8C750088F6BD /* Square.swift in Sources */,
				1E45D7AF24D0CD5300A1A7AA /* AppDelegate.swift in Sources */,
				1E95645924D20F4F00AFEA8E /* UserAction.swift in Sources */,
				1E2A3ED224DC8C750088F6BD /* SquareViewModel.swift in Sources */,
				1E45D7CB24D0CF9100A1A7AA /* CoordinateValue.swift in Sources */,
				1E45D7B124D0CD5300A1A7AA /* SceneDelegate.swift in Sources */,
				1E2A3ED524DC8CFC0088F6BD /* GridValues.swift in Sources */,
				1E2A3EC624DC8C750088F6BD /* GameView.swift in Sources */,
				1E2A3ECC24DC8C750088F6BD /* EditCellGridText.swift in Sources */,
				1E2A3ED124DC8C750088F6BD /* Grid.swift in Sources */,
				1E45D7B324D0CD5300A1A7AA /* ContentView.swift in Sources */,
			);
			runOnlyForDeploymentPostprocessing = 0;
		};
/* End PBXSourcesBuildPhase section */

/* Begin PBXVariantGroup section */
		1E45D7B924D0CD5500A1A7AA /* LaunchScreen.storyboard */ = {
			isa = PBXVariantGroup;
			children = (
				1E45D7BA24D0CD5500A1A7AA /* Base */,
			);
			name = LaunchScreen.storyboard;
			sourceTree = "<group>";
		};
/* End PBXVariantGroup section */

/* Begin XCBuildConfiguration section */
		1E45D7BD24D0CD5500A1A7AA /* Debug */ = {
			isa = XCBuildConfiguration;
			buildSettings = {
				ALWAYS_SEARCH_USER_PATHS = NO;
				CLANG_ANALYZER_NONNULL = YES;
				CLANG_ANALYZER_NUMBER_OBJECT_CONVERSION = YES_AGGRESSIVE;
				CLANG_CXX_LANGUAGE_STANDARD = "gnu++14";
				CLANG_CXX_LIBRARY = "libc++";
				CLANG_ENABLE_MODULES = YES;
				CLANG_ENABLE_OBJC_ARC = YES;
				CLANG_ENABLE_OBJC_WEAK = YES;
				CLANG_WARN_BLOCK_CAPTURE_AUTORELEASING = YES;
				CLANG_WARN_BOOL_CONVERSION = YES;
				CLANG_WARN_COMMA = YES;
				CLANG_WARN_CONSTANT_CONVERSION = YES;
				CLANG_WARN_DEPRECATED_OBJC_IMPLEMENTATIONS = YES;
				CLANG_WARN_DIRECT_OBJC_ISA_USAGE = YES_ERROR;
				CLANG_WARN_DOCUMENTATION_COMMENTS = YES;
				CLANG_WARN_EMPTY_BODY = YES;
				CLANG_WARN_ENUM_CONVERSION = YES;
				CLANG_WARN_INFINITE_RECURSION = YES;
				CLANG_WARN_INT_CONVERSION = YES;
				CLANG_WARN_NON_LITERAL_NULL_CONVERSION = YES;
				CLANG_WARN_OBJC_IMPLICIT_RETAIN_SELF = YES;
				CLANG_WARN_OBJC_LITERAL_CONVERSION = YES;
				CLANG_WARN_OBJC_ROOT_CLASS = YES_ERROR;
				CLANG_WARN_RANGE_LOOP_ANALYSIS = YES;
				CLANG_WARN_STRICT_PROTOTYPES = YES;
				CLANG_WARN_SUSPICIOUS_MOVE = YES;
				CLANG_WARN_UNGUARDED_AVAILABILITY = YES_AGGRESSIVE;
				CLANG_WARN_UNREACHABLE_CODE = YES;
				CLANG_WARN__DUPLICATE_METHOD_MATCH = YES;
				COPY_PHASE_STRIP = NO;
				DEBUG_INFORMATION_FORMAT = dwarf;
				ENABLE_STRICT_OBJC_MSGSEND = YES;
				ENABLE_TESTABILITY = YES;
				GCC_C_LANGUAGE_STANDARD = gnu11;
				GCC_DYNAMIC_NO_PIC = NO;
				GCC_NO_COMMON_BLOCKS = YES;
				GCC_OPTIMIZATION_LEVEL = 0;
				GCC_PREPROCESSOR_DEFINITIONS = (
					"DEBUG=1",
					"$(inherited)",
				);
				GCC_WARN_64_TO_32_BIT_CONVERSION = YES;
				GCC_WARN_ABOUT_RETURN_TYPE = YES_ERROR;
				GCC_WARN_UNDECLARED_SELECTOR = YES;
				GCC_WARN_UNINITIALIZED_AUTOS = YES_AGGRESSIVE;
				GCC_WARN_UNUSED_FUNCTION = YES;
				GCC_WARN_UNUSED_VARIABLE = YES;
				IPHONEOS_DEPLOYMENT_TARGET = 13.5;
				MTL_ENABLE_DEBUG_INFO = INCLUDE_SOURCE;
				MTL_FAST_MATH = YES;
				ONLY_ACTIVE_ARCH = YES;
				SDKROOT = iphoneos;
				SWIFT_ACTIVE_COMPILATION_CONDITIONS = DEBUG;
				SWIFT_OPTIMIZATION_LEVEL = "-Onone";
			};
			name = Debug;
		};
		1E45D7BE24D0CD5500A1A7AA /* Release */ = {
			isa = XCBuildConfiguration;
			buildSettings = {
				ALWAYS_SEARCH_USER_PATHS = NO;
				CLANG_ANALYZER_NONNULL = YES;
				CLANG_ANALYZER_NUMBER_OBJECT_CONVERSION = YES_AGGRESSIVE;
				CLANG_CXX_LANGUAGE_STANDARD = "gnu++14";
				CLANG_CXX_LIBRARY = "libc++";
				CLANG_ENABLE_MODULES = YES;
				CLANG_ENABLE_OBJC_ARC = YES;
				CLANG_ENABLE_OBJC_WEAK = YES;
				CLANG_WARN_BLOCK_CAPTURE_AUTORELEASING = YES;
				CLANG_WARN_BOOL_CONVERSION = YES;
				CLANG_WARN_COMMA = YES;
				CLANG_WARN_CONSTANT_CONVERSION = YES;
				CLANG_WARN_DEPRECATED_OBJC_IMPLEMENTATIONS = YES;
				CLANG_WARN_DIRECT_OBJC_ISA_USAGE = YES_ERROR;
				CLANG_WARN_DOCUMENTATION_COMMENTS = YES;
				CLANG_WARN_EMPTY_BODY = YES;
				CLANG_WARN_ENUM_CONVERSION = YES;
				CLANG_WARN_INFINITE_RECURSION = YES;
				CLANG_WARN_INT_CONVERSION = YES;
				CLANG_WARN_NON_LITERAL_NULL_CONVERSION = YES;
				CLANG_WARN_OBJC_IMPLICIT_RETAIN_SELF = YES;
				CLANG_WARN_OBJC_LITERAL_CONVERSION = YES;
				CLANG_WARN_OBJC_ROOT_CLASS = YES_ERROR;
				CLANG_WARN_RANGE_LOOP_ANALYSIS = YES;
				CLANG_WARN_STRICT_PROTOTYPES = YES;
				CLANG_WARN_SUSPICIOUS_MOVE = YES;
				CLANG_WARN_UNGUARDED_AVAILABILITY = YES_AGGRESSIVE;
				CLANG_WARN_UNREACHABLE_CODE = YES;
				CLANG_WARN__DUPLICATE_METHOD_MATCH = YES;
				COPY_PHASE_STRIP = NO;
				DEBUG_INFORMATION_FORMAT = "dwarf-with-dsym";
				ENABLE_NS_ASSERTIONS = NO;
				ENABLE_STRICT_OBJC_MSGSEND = YES;
				GCC_C_LANGUAGE_STANDARD = gnu11;
				GCC_NO_COMMON_BLOCKS = YES;
				GCC_WARN_64_TO_32_BIT_CONVERSION = YES;
				GCC_WARN_ABOUT_RETURN_TYPE = YES_ERROR;
				GCC_WARN_UNDECLARED_SELECTOR = YES;
				GCC_WARN_UNINITIALIZED_AUTOS = YES_AGGRESSIVE;
				GCC_WARN_UNUSED_FUNCTION = YES;
				GCC_WARN_UNUSED_VARIABLE = YES;
				IPHONEOS_DEPLOYMENT_TARGET = 13.5;
				MTL_ENABLE_DEBUG_INFO = NO;
				MTL_FAST_MATH = YES;
				SDKROOT = iphoneos;
				SWIFT_COMPILATION_MODE = wholemodule;
				SWIFT_OPTIMIZATION_LEVEL = "-O";
				VALIDATE_PRODUCT = YES;
			};
			name = Release;
		};
		1E45D7C024D0CD5500A1A7AA /* Debug */ = {
			isa = XCBuildConfiguration;
			buildSettings = {
				ASSETCATALOG_COMPILER_APPICON_NAME = AppIcon;
				CODE_SIGN_STYLE = Automatic;
				DEVELOPMENT_ASSET_PATHS = "\"Sudoku-SwiftUI/Preview Content\"";
				DEVELOPMENT_TEAM = WN69BMQXZR;
				ENABLE_PREVIEWS = YES;
				INFOPLIST_FILE = "Sudoku-SwiftUI/Info.plist";
				LD_RUNPATH_SEARCH_PATHS = (
					"$(inherited)",
					"@executable_path/Frameworks",
				);
				PRODUCT_BUNDLE_IDENTIFIER = "tech.dhruvshah.Sudoku-SwiftUI";
				PRODUCT_NAME = "$(TARGET_NAME)";
				SWIFT_VERSION = 5.0;
				TARGETED_DEVICE_FAMILY = "1,2";
			};
			name = Debug;
		};
		1E45D7C124D0CD5500A1A7AA /* Release */ = {
			isa = XCBuildConfiguration;
			buildSettings = {
				ASSETCATALOG_COMPILER_APPICON_NAME = AppIcon;
				CODE_SIGN_STYLE = Automatic;
				DEVELOPMENT_ASSET_PATHS = "\"Sudoku-SwiftUI/Preview Content\"";
				DEVELOPMENT_TEAM = WN69BMQXZR;
				ENABLE_PREVIEWS = YES;
				INFOPLIST_FILE = "Sudoku-SwiftUI/Info.plist";
				LD_RUNPATH_SEARCH_PATHS = (
					"$(inherited)",
					"@executable_path/Frameworks",
				);
				PRODUCT_BUNDLE_IDENTIFIER = "tech.dhruvshah.Sudoku-SwiftUI";
				PRODUCT_NAME = "$(TARGET_NAME)";
				SWIFT_VERSION = 5.0;
				TARGETED_DEVICE_FAMILY = "1,2";
			};
			name = Release;
		};
/* End XCBuildConfiguration section */

/* Begin XCConfigurationList section */
		1E45D7A624D0CD5300A1A7AA /* Build configuration list for PBXProject "Sudoku-SwiftUI" */ = {
			isa = XCConfigurationList;
			buildConfigurations = (
				1E45D7BD24D0CD5500A1A7AA /* Debug */,
				1E45D7BE24D0CD5500A1A7AA /* Release */,
			);
			defaultConfigurationIsVisible = 0;
			defaultConfigurationName = Release;
		};
		1E45D7BF24D0CD5500A1A7AA /* Build configuration list for PBXNativeTarget "Sudoku-SwiftUI" */ = {
			isa = XCConfigurationList;
			buildConfigurations = (
				1E45D7C024D0CD5500A1A7AA /* Debug */,
				1E45D7C124D0CD5500A1A7AA /* Release */,
			);
			defaultConfigurationIsVisible = 0;
			defaultConfigurationName = Release;
		};
/* End XCConfigurationList section */
	};
	rootObject = 1E45D7A324D0CD5300A1A7AA /* Project object */;
}
